
Microsoft Visual Studio Solution File, Format Version 12.00
# Visual Studio Version 17
VisualStudioVersion = 17.5.002.0
MinimumVisualStudioVersion = 10.0.40219.1
Project("{9A19103F-16F7-4668-BE54-9A1E7A4F7556}") = "task00", "task00\task00.csproj", "{0DA6BB08-2BE1-411C-A250-8F0ECF93C27C}"
EndProject
Project("{9A19103F-16F7-4668-BE54-9A1E7A4F7556}") = "task01", "task01\task01.csproj", "{61F71404-FC16-45C2-8546-AE448AAC170A}"
EndProject
Project("{9A19103F-16F7-4668-BE54-9A1E7A4F7556}") = "task02", "task02\task02.csproj", "{34D03DE2-770D-4886-A648-01ADE0FA914B}"
EndProject
Project("{9A19103F-16F7-4668-BE54-9A1E7A4F7556}") = "task04", "task04\task04.csproj", "{B118FBBD-19BB-4AD5-B7CB-D72515DB61C8}"
EndProject
Project("{9A19103F-16F7-4668-BE54-9A1E7A4F7556}") = "task06", "task06\task06.csproj", "{7D2552C1-0E81-4910-AB03-C118DEAC818F}"
EndProject
Project("{9A19103F-16F7-4668-BE54-9A1E7A4F7556}") = "task08", "task08\task08.csproj", "{EAF8AD79-4F16-4544-A7E4-389B1560F3E8}"
EndProject
Project("{9A19103F-16F7-4668-BE54-9A1E7A4F7556}") = "task09", "task09\task09.csproj", "{ED6CB6C3-203A-4F80-BEAE-68EC7363A721}"
EndProject
Project("{9A19103F-16F7-4668-BE54-9A1E7A4F7556}") = "task11", "task11\task11.csproj", "{E7A42031-B400-43C1-BFA4-A38E86276373}"
EndProject
Project("{9A19103F-16F7-4668-BE54-9A1E7A4F7556}") = "task12", "task12\task12.csproj", "{8EBDD450-6C45-4821-90CF-528EBB6A7DE2}"
EndProject
Project("{9A19103F-16F7-4668-BE54-9A1E7A4F7556}") = "task14", "task14\task14.csproj", "{913A14A5-DC44-4958-BDFB-0E7AD7112FAD}"
EndProject
Project("{9A19103F-16F7-4668-BE54-9A1E7A4F7556}") = "task15", "task15\task15.csproj", "{F7ACEC84-E041-4593-8D96-12D56FE03B1C}"
EndProject
Project("{9A19103F-16F7-4668-BE54-9A1E7A4F7556}") = "task16", "task16\task16.csproj", "{8437A80B-220F-49AF-8DE9-ADF5ECB6D2E8}"
EndProject
Project("{9A19103F-16F7-4668-BE54-9A1E7A4F7556}") = "task17", "task17\task17.csproj", "{D6B9F11A-37DC-4FED-8E2C-ED5F8DF4DCF1}"
EndProject
Project("{9A19103F-16F7-4668-BE54-9A1E7A4F7556}") = "task18", "task18\task18.csproj", "{30DDECDE-FB64-40D3-8D16-199A5C5BD056}"
EndProject
Project("{9A19103F-16F7-4668-BE54-9A1E7A4F7556}") = "task19", "task19\task19.csproj", "{8404E864-2DA1-43F2-8D6F-06F72FA3CDDE}"
EndProject
Project("{9A19103F-16F7-4668-BE54-9A1E7A4F7556}") = "task20", "task20\task20.csproj", "{1D00AB73-9FF8-4A51-9432-2D567BECF43D}"
EndProject
Project("{9A19103F-16F7-4668-BE54-9A1E7A4F7556}") = "task21", "task21\task21.csproj", "{DDE0B8A3-503B-4ECA-B29F-DE42E6BB658E}"
EndProject
Project("{9A19103F-16F7-4668-BE54-9A1E7A4F7556}") = "task22", "task22\task22.csproj", "{CCC92EB1-596F-4030-BB5E-4E682546A098}"
EndProject
Project("{9A19103F-16F7-4668-BE54-9A1E7A4F7556}") = "task23", "task23\task23.csproj", "{01C6625F-E1F6-47AB-8507-940F6E8F7C04}"
EndProject
Project("{9A19103F-16F7-4668-BE54-9A1E7A4F7556}") = "task24", "task24\task24.csproj", "{77FDC952-FBDB-4011-9948-D0061CDCE85B}"
EndProject
Project("{9A19103F-16F7-4668-BE54-9A1E7A4F7556}") = "task25", "task25\task25.csproj", "{11DDD8CF-A302-4289-80A7-5C0B2837CBF8}"
EndProject
Project("{9A19103F-16F7-4668-BE54-9A1E7A4F7556}") = "task26", "task26\task26.csproj", "{72D818A2-8284-4519-A90B-26A69524BD01}"
EndProject
Project("{9A19103F-16F7-4668-BE54-9A1E7A4F7556}") = "task27", "task27\task27.csproj", "{E1C57732-C631-49B9-88AD-D356F45D107D}"
EndProject
Project("{9A19103F-16F7-4668-BE54-9A1E7A4F7556}") = "task28", "task28\task28.csproj", "{271DBA2D-68D5-4DB0-8766-386BCF9C64AD}"
EndProject
Project("{9A19103F-16F7-4668-BE54-9A1E7A4F7556}") = "task29", "task29\task29.csproj", "{D1F690BB-258F-4A6E-9C7C-BE27989C64CC}"
EndProject
Project("{9A19103F-16F7-4668-BE54-9A1E7A4F7556}") = "task30", "task30\task30.csproj", "{FA5DC109-55AC-4FFC-80C1-6653D729BE0C}"
EndProject
Project("{9A19103F-16F7-4668-BE54-9A1E7A4F7556}") = "task31", "task31\task31.csproj", "{73D45EFA-A860-4B2F-A5B3-5C38C066575B}"
EndProject
Project("{9A19103F-16F7-4668-BE54-9A1E7A4F7556}") = "task32", "task32\task32.csproj", "{9EAFA914-2652-4119-B81D-578F9C6BA899}"
EndProject
Project("{9A19103F-16F7-4668-BE54-9A1E7A4F7556}") = "task33", "task33\task33.csproj", "{3BE4069D-E50A-4235-9AE3-EA43FC996FE3}"
EndProject
Project("{9A19103F-16F7-4668-BE54-9A1E7A4F7556}") = "task34", "task34\task34.csproj", "{004C1988-A2AD-4A5C-B05E-19B5ADF1431C}"
EndProject
Project("{9A19103F-16F7-4668-BE54-9A1E7A4F7556}") = "task35", "task35\task35.csproj", "{B1109FFF-1634-48F3-B47D-52FEEA7DD7D1}"
EndProject
Project("{9A19103F-16F7-4668-BE54-9A1E7A4F7556}") = "task36", "task36\task36.csproj", "{33AD0AED-7062-44DC-81FD-68B06D49D985}"
EndProject
Project("{9A19103F-16F7-4668-BE54-9A1E7A4F7556}") = "task37", "task37\task37.csproj", "{218FDBF4-F5A5-43F6-B183-FD6016A67898}"
EndProject
Project("{9A19103F-16F7-4668-BE54-9A1E7A4F7556}") = "task38", "task38\task38.csproj", "{AC08E0C5-6300-4444-B031-B863B59E075B}"
EndProject
Project("{9A19103F-16F7-4668-BE54-9A1E7A4F7556}") = "task39", "task39\task39.csproj", "{7AD30E07-1B0A-4002-97F4-0FF2245D5903}"
EndProject
Project("{9A19103F-16F7-4668-BE54-9A1E7A4F7556}") = "task40", "task40\task40.csproj", "{F6727F17-ACB0-4123-ACCC-8C07D76369C8}"
EndProject
Project("{9A19103F-16F7-4668-BE54-9A1E7A4F7556}") = "task41", "task41\task41.csproj", "{D39DC855-01A6-4D30-B0E5-8E7DB63D5964}"
EndProject
Project("{9A19103F-16F7-4668-BE54-9A1E7A4F7556}") = "task42", "task42\task42.csproj", "{0F8213E6-0427-474A-9BA2-62A7C0CE66C3}"
EndProject
Project("{9A19103F-16F7-4668-BE54-9A1E7A4F7556}") = "task43", "task43\task43.csproj", "{00651953-BF45-4BAF-B1EA-DABDDE64A861}"
EndProject
Global
	GlobalSection(SolutionConfigurationPlatforms) = preSolution
		Debug|Any CPU = Debug|Any CPU
		Release|Any CPU = Release|Any CPU
	EndGlobalSection
	GlobalSection(ProjectConfigurationPlatforms) = postSolution
		{0DA6BB08-2BE1-411C-A250-8F0ECF93C27C}.Debug|Any CPU.ActiveCfg = Debug|Any CPU
		{0DA6BB08-2BE1-411C-A250-8F0ECF93C27C}.Debug|Any CPU.Build.0 = Debug|Any CPU
		{0DA6BB08-2BE1-411C-A250-8F0ECF93C27C}.Release|Any CPU.ActiveCfg = Release|Any CPU
		{0DA6BB08-2BE1-411C-A250-8F0ECF93C27C}.Release|Any CPU.Build.0 = Release|Any CPU
		{61F71404-FC16-45C2-8546-AE448AAC170A}.Debug|Any CPU.ActiveCfg = Debug|Any CPU
		{61F71404-FC16-45C2-8546-AE448AAC170A}.Debug|Any CPU.Build.0 = Debug|Any CPU
		{61F71404-FC16-45C2-8546-AE448AAC170A}.Release|Any CPU.ActiveCfg = Release|Any CPU
		{61F71404-FC16-45C2-8546-AE448AAC170A}.Release|Any CPU.Build.0 = Release|Any CPU
		{34D03DE2-770D-4886-A648-01ADE0FA914B}.Debug|Any CPU.ActiveCfg = Debug|Any CPU
		{34D03DE2-770D-4886-A648-01ADE0FA914B}.Debug|Any CPU.Build.0 = Debug|Any CPU
		{34D03DE2-770D-4886-A648-01ADE0FA914B}.Release|Any CPU.ActiveCfg = Release|Any CPU
		{34D03DE2-770D-4886-A648-01ADE0FA914B}.Release|Any CPU.Build.0 = Release|Any CPU
		{B118FBBD-19BB-4AD5-B7CB-D72515DB61C8}.Debug|Any CPU.ActiveCfg = Debug|Any CPU
		{B118FBBD-19BB-4AD5-B7CB-D72515DB61C8}.Debug|Any CPU.Build.0 = Debug|Any CPU
		{B118FBBD-19BB-4AD5-B7CB-D72515DB61C8}.Release|Any CPU.ActiveCfg = Release|Any CPU
		{B118FBBD-19BB-4AD5-B7CB-D72515DB61C8}.Release|Any CPU.Build.0 = Release|Any CPU
		{7D2552C1-0E81-4910-AB03-C118DEAC818F}.Debug|Any CPU.ActiveCfg = Debug|Any CPU
		{7D2552C1-0E81-4910-AB03-C118DEAC818F}.Debug|Any CPU.Build.0 = Debug|Any CPU
		{7D2552C1-0E81-4910-AB03-C118DEAC818F}.Release|Any CPU.ActiveCfg = Release|Any CPU
		{7D2552C1-0E81-4910-AB03-C118DEAC818F}.Release|Any CPU.Build.0 = Release|Any CPU
		{EAF8AD79-4F16-4544-A7E4-389B1560F3E8}.Debug|Any CPU.ActiveCfg = Debug|Any CPU
		{EAF8AD79-4F16-4544-A7E4-389B1560F3E8}.Debug|Any CPU.Build.0 = Debug|Any CPU
		{EAF8AD79-4F16-4544-A7E4-389B1560F3E8}.Release|Any CPU.ActiveCfg = Release|Any CPU
		{EAF8AD79-4F16-4544-A7E4-389B1560F3E8}.Release|Any CPU.Build.0 = Release|Any CPU
		{ED6CB6C3-203A-4F80-BEAE-68EC7363A721}.Debug|Any CPU.ActiveCfg = Debug|Any CPU
		{ED6CB6C3-203A-4F80-BEAE-68EC7363A721}.Debug|Any CPU.Build.0 = Debug|Any CPU
		{ED6CB6C3-203A-4F80-BEAE-68EC7363A721}.Release|Any CPU.ActiveCfg = Release|Any CPU
		{ED6CB6C3-203A-4F80-BEAE-68EC7363A721}.Release|Any CPU.Build.0 = Release|Any CPU
		{E7A42031-B400-43C1-BFA4-A38E86276373}.Debug|Any CPU.ActiveCfg = Debug|Any CPU
		{E7A42031-B400-43C1-BFA4-A38E86276373}.Debug|Any CPU.Build.0 = Debug|Any CPU
		{E7A42031-B400-43C1-BFA4-A38E86276373}.Release|Any CPU.ActiveCfg = Release|Any CPU
		{E7A42031-B400-43C1-BFA4-A38E86276373}.Release|Any CPU.Build.0 = Release|Any CPU
		{8EBDD450-6C45-4821-90CF-528EBB6A7DE2}.Debug|Any CPU.ActiveCfg = Debug|Any CPU
		{8EBDD450-6C45-4821-90CF-528EBB6A7DE2}.Debug|Any CPU.Build.0 = Debug|Any CPU
		{8EBDD450-6C45-4821-90CF-528EBB6A7DE2}.Release|Any CPU.ActiveCfg = Release|Any CPU
		{8EBDD450-6C45-4821-90CF-528EBB6A7DE2}.Release|Any CPU.Build.0 = Release|Any CPU
		{913A14A5-DC44-4958-BDFB-0E7AD7112FAD}.Debug|Any CPU.ActiveCfg = Debug|Any CPU
		{913A14A5-DC44-4958-BDFB-0E7AD7112FAD}.Debug|Any CPU.Build.0 = Debug|Any CPU
		{913A14A5-DC44-4958-BDFB-0E7AD7112FAD}.Release|Any CPU.ActiveCfg = Release|Any CPU
		{913A14A5-DC44-4958-BDFB-0E7AD7112FAD}.Release|Any CPU.Build.0 = Release|Any CPU
		{F7ACEC84-E041-4593-8D96-12D56FE03B1C}.Debug|Any CPU.ActiveCfg = Debug|Any CPU
		{F7ACEC84-E041-4593-8D96-12D56FE03B1C}.Debug|Any CPU.Build.0 = Debug|Any CPU
		{F7ACEC84-E041-4593-8D96-12D56FE03B1C}.Release|Any CPU.ActiveCfg = Release|Any CPU
		{F7ACEC84-E041-4593-8D96-12D56FE03B1C}.Release|Any CPU.Build.0 = Release|Any CPU
		{8437A80B-220F-49AF-8DE9-ADF5ECB6D2E8}.Debug|Any CPU.ActiveCfg = Debug|Any CPU
		{8437A80B-220F-49AF-8DE9-ADF5ECB6D2E8}.Debug|Any CPU.Build.0 = Debug|Any CPU
		{8437A80B-220F-49AF-8DE9-ADF5ECB6D2E8}.Release|Any CPU.ActiveCfg = Release|Any CPU
		{8437A80B-220F-49AF-8DE9-ADF5ECB6D2E8}.Release|Any CPU.Build.0 = Release|Any CPU
		{D6B9F11A-37DC-4FED-8E2C-ED5F8DF4DCF1}.Debug|Any CPU.ActiveCfg = Debug|Any CPU
		{D6B9F11A-37DC-4FED-8E2C-ED5F8DF4DCF1}.Debug|Any CPU.Build.0 = Debug|Any CPU
		{D6B9F11A-37DC-4FED-8E2C-ED5F8DF4DCF1}.Release|Any CPU.ActiveCfg = Release|Any CPU
		{D6B9F11A-37DC-4FED-8E2C-ED5F8DF4DCF1}.Release|Any CPU.Build.0 = Release|Any CPU
		{30DDECDE-FB64-40D3-8D16-199A5C5BD056}.Debug|Any CPU.ActiveCfg = Debug|Any CPU
		{30DDECDE-FB64-40D3-8D16-199A5C5BD056}.Debug|Any CPU.Build.0 = Debug|Any CPU
		{30DDECDE-FB64-40D3-8D16-199A5C5BD056}.Release|Any CPU.ActiveCfg = Release|Any CPU
		{30DDECDE-FB64-40D3-8D16-199A5C5BD056}.Release|Any CPU.Build.0 = Release|Any CPU
		{8404E864-2DA1-43F2-8D6F-06F72FA3CDDE}.Debug|Any CPU.ActiveCfg = Debug|Any CPU
		{8404E864-2DA1-43F2-8D6F-06F72FA3CDDE}.Debug|Any CPU.Build.0 = Debug|Any CPU
		{8404E864-2DA1-43F2-8D6F-06F72FA3CDDE}.Release|Any CPU.ActiveCfg = Release|Any CPU
		{8404E864-2DA1-43F2-8D6F-06F72FA3CDDE}.Release|Any CPU.Build.0 = Release|Any CPU
		{1D00AB73-9FF8-4A51-9432-2D567BECF43D}.Debug|Any CPU.ActiveCfg = Debug|Any CPU
		{1D00AB73-9FF8-4A51-9432-2D567BECF43D}.Debug|Any CPU.Build.0 = Debug|Any CPU
		{1D00AB73-9FF8-4A51-9432-2D567BECF43D}.Release|Any CPU.ActiveCfg = Release|Any CPU
		{1D00AB73-9FF8-4A51-9432-2D567BECF43D}.Release|Any CPU.Build.0 = Release|Any CPU
		{DDE0B8A3-503B-4ECA-B29F-DE42E6BB658E}.Debug|Any CPU.ActiveCfg = Debug|Any CPU
		{DDE0B8A3-503B-4ECA-B29F-DE42E6BB658E}.Debug|Any CPU.Build.0 = Debug|Any CPU
		{DDE0B8A3-503B-4ECA-B29F-DE42E6BB658E}.Release|Any CPU.ActiveCfg = Release|Any CPU
		{DDE0B8A3-503B-4ECA-B29F-DE42E6BB658E}.Release|Any CPU.Build.0 = Release|Any CPU
		{CCC92EB1-596F-4030-BB5E-4E682546A098}.Debug|Any CPU.ActiveCfg = Debug|Any CPU
		{CCC92EB1-596F-4030-BB5E-4E682546A098}.Debug|Any CPU.Build.0 = Debug|Any CPU
		{CCC92EB1-596F-4030-BB5E-4E682546A098}.Release|Any CPU.ActiveCfg = Release|Any CPU
		{CCC92EB1-596F-4030-BB5E-4E682546A098}.Release|Any CPU.Build.0 = Release|Any CPU
		{01C6625F-E1F6-47AB-8507-940F6E8F7C04}.Debug|Any CPU.ActiveCfg = Debug|Any CPU
		{01C6625F-E1F6-47AB-8507-940F6E8F7C04}.Debug|Any CPU.Build.0 = Debug|Any CPU
		{01C6625F-E1F6-47AB-8507-940F6E8F7C04}.Release|Any CPU.ActiveCfg = Release|Any CPU
		{01C6625F-E1F6-47AB-8507-940F6E8F7C04}.Release|Any CPU.Build.0 = Release|Any CPU
		{77FDC952-FBDB-4011-9948-D0061CDCE85B}.Debug|Any CPU.ActiveCfg = Debug|Any CPU
		{77FDC952-FBDB-4011-9948-D0061CDCE85B}.Debug|Any CPU.Build.0 = Debug|Any CPU
		{77FDC952-FBDB-4011-9948-D0061CDCE85B}.Release|Any CPU.ActiveCfg = Release|Any CPU
		{77FDC952-FBDB-4011-9948-D0061CDCE85B}.Release|Any CPU.Build.0 = Release|Any CPU
		{11DDD8CF-A302-4289-80A7-5C0B2837CBF8}.Debug|Any CPU.ActiveCfg = Debug|Any CPU
		{11DDD8CF-A302-4289-80A7-5C0B2837CBF8}.Debug|Any CPU.Build.0 = Debug|Any CPU
		{11DDD8CF-A302-4289-80A7-5C0B2837CBF8}.Release|Any CPU.ActiveCfg = Release|Any CPU
		{11DDD8CF-A302-4289-80A7-5C0B2837CBF8}.Release|Any CPU.Build.0 = Release|Any CPU
		{72D818A2-8284-4519-A90B-26A69524BD01}.Debug|Any CPU.ActiveCfg = Debug|Any CPU
		{72D818A2-8284-4519-A90B-26A69524BD01}.Debug|Any CPU.Build.0 = Debug|Any CPU
		{72D818A2-8284-4519-A90B-26A69524BD01}.Release|Any CPU.ActiveCfg = Release|Any CPU
		{72D818A2-8284-4519-A90B-26A69524BD01}.Release|Any CPU.Build.0 = Release|Any CPU
		{E1C57732-C631-49B9-88AD-D356F45D107D}.Debug|Any CPU.ActiveCfg = Debug|Any CPU
		{E1C57732-C631-49B9-88AD-D356F45D107D}.Debug|Any CPU.Build.0 = Debug|Any CPU
		{E1C57732-C631-49B9-88AD-D356F45D107D}.Release|Any CPU.ActiveCfg = Release|Any CPU
		{E1C57732-C631-49B9-88AD-D356F45D107D}.Release|Any CPU.Build.0 = Release|Any CPU
		{271DBA2D-68D5-4DB0-8766-386BCF9C64AD}.Debug|Any CPU.ActiveCfg = Debug|Any CPU
		{271DBA2D-68D5-4DB0-8766-386BCF9C64AD}.Debug|Any CPU.Build.0 = Debug|Any CPU
		{271DBA2D-68D5-4DB0-8766-386BCF9C64AD}.Release|Any CPU.ActiveCfg = Release|Any CPU
		{271DBA2D-68D5-4DB0-8766-386BCF9C64AD}.Release|Any CPU.Build.0 = Release|Any CPU
		{D1F690BB-258F-4A6E-9C7C-BE27989C64CC}.Debug|Any CPU.ActiveCfg = Debug|Any CPU
		{D1F690BB-258F-4A6E-9C7C-BE27989C64CC}.Debug|Any CPU.Build.0 = Debug|Any CPU
		{D1F690BB-258F-4A6E-9C7C-BE27989C64CC}.Release|Any CPU.ActiveCfg = Release|Any CPU
		{D1F690BB-258F-4A6E-9C7C-BE27989C64CC}.Release|Any CPU.Build.0 = Release|Any CPU
		{FA5DC109-55AC-4FFC-80C1-6653D729BE0C}.Debug|Any CPU.ActiveCfg = Debug|Any CPU
		{FA5DC109-55AC-4FFC-80C1-6653D729BE0C}.Debug|Any CPU.Build.0 = Debug|Any CPU
		{FA5DC109-55AC-4FFC-80C1-6653D729BE0C}.Release|Any CPU.ActiveCfg = Release|Any CPU
		{FA5DC109-55AC-4FFC-80C1-6653D729BE0C}.Release|Any CPU.Build.0 = Release|Any CPU
		{73D45EFA-A860-4B2F-A5B3-5C38C066575B}.Debug|Any CPU.ActiveCfg = Debug|Any CPU
		{73D45EFA-A860-4B2F-A5B3-5C38C066575B}.Debug|Any CPU.Build.0 = Debug|Any CPU
		{73D45EFA-A860-4B2F-A5B3-5C38C066575B}.Release|Any CPU.ActiveCfg = Release|Any CPU
		{73D45EFA-A860-4B2F-A5B3-5C38C066575B}.Release|Any CPU.Build.0 = Release|Any CPU
		{9EAFA914-2652-4119-B81D-578F9C6BA899}.Debug|Any CPU.ActiveCfg = Debug|Any CPU
		{9EAFA914-2652-4119-B81D-578F9C6BA899}.Debug|Any CPU.Build.0 = Debug|Any CPU
		{9EAFA914-2652-4119-B81D-578F9C6BA899}.Release|Any CPU.ActiveCfg = Release|Any CPU
		{9EAFA914-2652-4119-B81D-578F9C6BA899}.Release|Any CPU.Build.0 = Release|Any CPU
		{3BE4069D-E50A-4235-9AE3-EA43FC996FE3}.Debug|Any CPU.ActiveCfg = Debug|Any CPU
		{3BE4069D-E50A-4235-9AE3-EA43FC996FE3}.Debug|Any CPU.Build.0 = Debug|Any CPU
		{3BE4069D-E50A-4235-9AE3-EA43FC996FE3}.Release|Any CPU.ActiveCfg = Release|Any CPU
		{3BE4069D-E50A-4235-9AE3-EA43FC996FE3}.Release|Any CPU.Build.0 = Release|Any CPU
		{004C1988-A2AD-4A5C-B05E-19B5ADF1431C}.Debug|Any CPU.ActiveCfg = Debug|Any CPU
		{004C1988-A2AD-4A5C-B05E-19B5ADF1431C}.Debug|Any CPU.Build.0 = Debug|Any CPU
		{004C1988-A2AD-4A5C-B05E-19B5ADF1431C}.Release|Any CPU.ActiveCfg = Release|Any CPU
		{004C1988-A2AD-4A5C-B05E-19B5ADF1431C}.Release|Any CPU.Build.0 = Release|Any CPU
		{B1109FFF-1634-48F3-B47D-52FEEA7DD7D1}.Debug|Any CPU.ActiveCfg = Debug|Any CPU
		{B1109FFF-1634-48F3-B47D-52FEEA7DD7D1}.Debug|Any CPU.Build.0 = Debug|Any CPU
		{B1109FFF-1634-48F3-B47D-52FEEA7DD7D1}.Release|Any CPU.ActiveCfg = Release|Any CPU
		{B1109FFF-1634-48F3-B47D-52FEEA7DD7D1}.Release|Any CPU.Build.0 = Release|Any CPU
		{33AD0AED-7062-44DC-81FD-68B06D49D985}.Debug|Any CPU.ActiveCfg = Debug|Any CPU
		{33AD0AED-7062-44DC-81FD-68B06D49D985}.Debug|Any CPU.Build.0 = Debug|Any CPU
		{33AD0AED-7062-44DC-81FD-68B06D49D985}.Release|Any CPU.ActiveCfg = Release|Any CPU
		{33AD0AED-7062-44DC-81FD-68B06D49D985}.Release|Any CPU.Build.0 = Release|Any CPU
		{218FDBF4-F5A5-43F6-B183-FD6016A67898}.Debug|Any CPU.ActiveCfg = Debug|Any CPU
		{218FDBF4-F5A5-43F6-B183-FD6016A67898}.Debug|Any CPU.Build.0 = Debug|Any CPU
		{218FDBF4-F5A5-43F6-B183-FD6016A67898}.Release|Any CPU.ActiveCfg = Release|Any CPU
		{218FDBF4-F5A5-43F6-B183-FD6016A67898}.Release|Any CPU.Build.0 = Release|Any CPU
		{AC08E0C5-6300-4444-B031-B863B59E075B}.Debug|Any CPU.ActiveCfg = Debug|Any CPU
		{AC08E0C5-6300-4444-B031-B863B59E075B}.Debug|Any CPU.Build.0 = Debug|Any CPU
		{AC08E0C5-6300-4444-B031-B863B59E075B}.Release|Any CPU.ActiveCfg = Release|Any CPU
		{AC08E0C5-6300-4444-B031-B863B59E075B}.Release|Any CPU.Build.0 = Release|Any CPU
		{7AD30E07-1B0A-4002-97F4-0FF2245D5903}.Debug|Any CPU.ActiveCfg = Debug|Any CPU
		{7AD30E07-1B0A-4002-97F4-0FF2245D5903}.Debug|Any CPU.Build.0 = Debug|Any CPU
		{7AD30E07-1B0A-4002-97F4-0FF2245D5903}.Release|Any CPU.ActiveCfg = Release|Any CPU
		{7AD30E07-1B0A-4002-97F4-0FF2245D5903}.Release|Any CPU.Build.0 = Release|Any CPU
		{F6727F17-ACB0-4123-ACCC-8C07D76369C8}.Debug|Any CPU.ActiveCfg = Debug|Any CPU
		{F6727F17-ACB0-4123-ACCC-8C07D76369C8}.Debug|Any CPU.Build.0 = Debug|Any CPU
		{F6727F17-ACB0-4123-ACCC-8C07D76369C8}.Release|Any CPU.ActiveCfg = Release|Any CPU
		{F6727F17-ACB0-4123-ACCC-8C07D76369C8}.Release|Any CPU.Build.0 = Release|Any CPU
		{D39DC855-01A6-4D30-B0E5-8E7DB63D5964}.Debug|Any CPU.ActiveCfg = Debug|Any CPU
		{D39DC855-01A6-4D30-B0E5-8E7DB63D5964}.Debug|Any CPU.Build.0 = Debug|Any CPU
		{D39DC855-01A6-4D30-B0E5-8E7DB63D5964}.Release|Any CPU.ActiveCfg = Release|Any CPU
		{D39DC855-01A6-4D30-B0E5-8E7DB63D5964}.Release|Any CPU.Build.0 = Release|Any CPU
		{0F8213E6-0427-474A-9BA2-62A7C0CE66C3}.Debug|Any CPU.ActiveCfg = Debug|Any CPU
		{0F8213E6-0427-474A-9BA2-62A7C0CE66C3}.Debug|Any CPU.Build.0 = Debug|Any CPU
		{0F8213E6-0427-474A-9BA2-62A7C0CE66C3}.Release|Any CPU.ActiveCfg = Release|Any CPU
		{0F8213E6-0427-474A-9BA2-62A7C0CE66C3}.Release|Any CPU.Build.0 = Release|Any CPU
		{00651953-BF45-4BAF-B1EA-DABDDE64A861}.Debug|Any CPU.ActiveCfg = Debug|Any CPU
		{00651953-BF45-4BAF-B1EA-DABDDE64A861}.Debug|Any CPU.Build.0 = Debug|Any CPU
		{00651953-BF45-4BAF-B1EA-DABDDE64A861}.Release|Any CPU.ActiveCfg = Release|Any CPU
		{00651953-BF45-4BAF-B1EA-DABDDE64A861}.Release|Any CPU.Build.0 = Release|Any CPU
	EndGlobalSection
	GlobalSection(SolutionProperties) = preSolution
		HideSolutionNode = FALSE
	EndGlobalSection
	GlobalSection(ExtensibilityGlobals) = postSolution
		SolutionGuid = {76A50242-D34D-4B15-A8E2-C6A5457E362C}
	EndGlobalSection
EndGlobal
